# THIS IS AN AUTOGENERATED FILE. DO NOT EDIT THIS FILE DIRECTLY.
# yarn lockfile v1


"@types/async@^3.2.18":
  version "3.2.18"
  resolved "https://registry.npmjs.org/@types/async/-/async-3.2.18.tgz"
  integrity sha512-/IsuXp3B9R//uRLi40VlIYoMp7OzhkunPe2fDu7jGfQXI9y3CDCx6FC4juRLSqrpmLst3vgsiK536AAGJFl4Ww==

"@types/unist@^2.0.0":
  version "2.0.6"
  resolved "https://registry.yarnpkg.com/@types/unist/-/unist-2.0.6.tgz#250a7b16c3b91f672a24552ec64678eeb1d3a08d"
  integrity sha512-PBjIUxZHOuj0R15/xuwJYjFi+KZdNFrehocChv4g5hu6aFroHue8m0lBP0POdK2nKzbw0cgV1mws8+V/JAcEkQ==

async@^3.2.4:
  version "3.2.4"
  resolved "https://registry.yarnpkg.com/async/-/async-3.2.4.tgz#2d22e00f8cddeb5fde5dd33522b56d1cf569a81c"
  integrity sha512-iAB+JbDEGXhyIUavoDl9WP/Jj106Kz9DEn1DPgYw5ruDn0e3Wgi3sKFm55sASdGBNOQB8F59d9qQ7deqrHA8wQ==

bun-types@^0.5.0:
  version "0.5.7"
  resolved "https://registry.npmjs.org/bun-types/-/bun-types-0.5.7.tgz"
  integrity sha512-79ualR6PIZYTbALgsUxZXlAhkz0M7h7QMsXWn/eX+VOOCX3bPA9y0Pywu4MUEWOK8cK/JhnAODMqZfhCb911nw==

is-buffer@^2.0.0:
  version "2.0.5"
  resolved "https://registry.yarnpkg.com/is-buffer/-/is-buffer-2.0.5.tgz#ebc252e400d22ff8d77fa09888821a24a658c191"
  integrity sha512-i2R6zNFDwgEHJyQUtJEk0XFi1i0dPFn/oqjK3/vPCcDeJvW5NQ83V8QbicfF1SupOaB0h8ntgBC2YiE7dfyctQ==

to-vfile@^7.2.4:
  version "7.2.4"
  resolved "https://registry.yarnpkg.com/to-vfile/-/to-vfile-7.2.4.tgz#b97ecfcc15905ffe020bc975879053928b671378"
  integrity sha512-2eQ+rJ2qGbyw3senPI0qjuM7aut8IYXK6AEoOWb+fJx/mQYzviTckm1wDjq91QYHAPBTYzmdJXxMFA6Mk14mdw==
  dependencies:
    is-buffer "^2.0.0"
    vfile "^5.1.0"

unist-util-stringify-position@^3.0.0:
  version "3.0.3"
  resolved "https://registry.yarnpkg.com/unist-util-stringify-position/-/unist-util-stringify-position-3.0.3.tgz#03ad3348210c2d930772d64b489580c13a7db39d"
  integrity sha512-k5GzIBZ/QatR8N5X2y+drfpWG8IDBzdnVj6OInRNWm1oXrzydiaAT2OQiA8DPRRZyAKb9b6I2a6PxYklZD0gKg==
  dependencies:
    "@types/unist" "^2.0.0"

vfile-matter@^4.0.1:
  version "4.0.1"
  resolved "https://registry.yarnpkg.com/vfile-matter/-/vfile-matter-4.0.1.tgz#33a1aeace7feacb06e649cba47a342a8f59718d4"
  integrity sha512-ZeACdaxCOxhePpoLO4A5y/VgI9EuWBXu+sUk65aQ7lXBZDFg7X0tuOzigLJUtsQzazFt6K2m9SdlDxZdfL5vVg==
  dependencies:
    is-buffer "^2.0.0"
    vfile "^5.0.0"
    yaml "^2.0.0"

vfile-message@^3.0.0:
  version "3.1.4"
  resolved "https://registry.yarnpkg.com/vfile-message/-/vfile-message-3.1.4.tgz#15a50816ae7d7c2d1fa87090a7f9f96612b59dea"
  integrity sha512-fa0Z6P8HUrQN4BZaX05SIVXic+7kE3b05PWAtPuYP9QLHsLKYR7/AlLW3NtOrpXRLeawpDLMsVkmk5DG0NXgWw==
  dependencies:
    "@types/unist" "^2.0.0"
    unist-util-stringify-position "^3.0.0"

vfile@^5.0.0, vfile@^5.1.0, vfile@^5.3.7:
  version "5.3.7"
  resolved "https://registry.yarnpkg.com/vfile/-/vfile-5.3.7.tgz#de0677e6683e3380fafc46544cfe603118826ab7"
  integrity sha512-r7qlzkgErKjobAmyNIkkSpizsFPYiUPuJb5pNW1RB4JcYVZhs4lIbVqk8XPk033CV/1z8ss5pkax8SuhGpcG8g==
  dependencies:
    "@types/unist" "^2.0.0"
    is-buffer "^2.0.0"
    unist-util-stringify-position "^3.0.0"
    vfile-message "^3.0.0"

yaml@^2.0.0, yaml@^2.2.1:
  version "2.2.1"
  resolved "https://registry.npmjs.org/yaml/-/yaml-2.2.1.tgz"
  integrity sha512-e0WHiYql7+9wr4cWMx3TVQrNwejKaEe7/rHNmQmqRjazfOP5W8PB6Jpebb5o6fIapbz9o9+2ipcaTM2ZwDI6lw==
